
Microsoft Visual Studio Solution File, Format Version 12.00
# Visual Studio 15
VisualStudioVersion = 15.0.28010.2041
MinimumVisualStudioVersion = 10.0.40219.1
Project("{8BC9CEB8-8B4A-11D0-8D11-00A0C91BC942}") = "wymiana ciepła i masy siatka", "wymiana ciepła i masy siatka\wymiana ciepła i masy siatka.vcxproj", "{E0D9F35B-FD01-4C57-A470-D0239B60590F}"
EndProject
Global
	GlobalSection(SolutionConfigurationPlatforms) = preSolution
		Debug|x64 = Debug|x64
		Debug|x86 = Debug|x86
		Release|x64 = Release|x64
		Release|x86 = Release|x86
	EndGlobalSection
	GlobalSection(ProjectConfigurationPlatforms) = postSolution
		{E0D9F35B-FD01-4C57-A470-D0239B60590F}.Debug|x64.ActiveCfg = Debug|x64
		{E0D9F35B-FD01-4C57-A470-D0239B60590F}.Debug|x64.Build.0 = Debug|x64
		{E0D9F35B-FD01-4C57-A470-D0239B60590F}.Debug|x86.ActiveCfg = Debug|Win32
		{E0D9F35B-FD01-4C57-A470-D0239B60590F}.Debug|x86.Build.0 = Debug|Win32
		{E0D9F35B-FD01-4C57-A470-D0239B60590F}.Release|x64.ActiveCfg = Release|x64
		{E0D9F35B-FD01-4C57-A470-D0239B60590F}.Release|x64.Build.0 = Release|x64
		{E0D9F35B-FD01-4C57-A470-D0239B60590F}.Release|x86.ActiveCfg = Release|Win32
		{E0D9F35B-FD01-4C57-A470-D0239B60590F}.Release|x86.Build.0 = Release|Win32
	EndGlobalSection
	GlobalSection(SolutionProperties) = preSolution
		HideSolutionNode = FALSE
	EndGlobalSection
	GlobalSection(ExtensibilityGlobals) = postSolution
		SolutionGuid = {CCD2CF6A-88D1-4871-A45D-C3E16EF9E07C}
	EndGlobalSection
EndGlobal
